
Microsoft Visual Studio Solution File, Format Version 12.00
# Visual Studio Version 17
VisualStudioVersion = 17.5.002.0
MinimumVisualStudioVersion = 10.0.40219.1
Project("{9A19103F-16F7-4668-BE54-9A1E7A4F7556}") = "calculator", "calculator.csproj", "{B0FD6390-8002-4D81-83DB-D8F0554F6081}"
EndProject
Project("{FAE04EC0-301F-11D3-BF4B-00C04F79EFBC}") = "CalculatorLibrary", "CalculatorLibrary\CalculatorLibrary.csproj", "{7DB373DD-75D5-4F4D-B50F-5D70D8165CAD}"
EndProject
Global
	GlobalSection(SolutionConfigurationPlatforms) = preSolution
		Debug|Any CPU = Debug|Any CPU
		Release|Any CPU = Release|Any CPU
	EndGlobalSection
	GlobalSection(ProjectConfigurationPlatforms) = postSolution
		{B0FD6390-8002-4D81-83DB-D8F0554F6081}.Debug|Any CPU.ActiveCfg = Debug|Any CPU
		{B0FD6390-8002-4D81-83DB-D8F0554F6081}.Debug|Any CPU.Build.0 = Debug|Any CPU
		{B0FD6390-8002-4D81-83DB-D8F0554F6081}.Release|Any CPU.ActiveCfg = Release|Any CPU
		{B0FD6390-8002-4D81-83DB-D8F0554F6081}.Release|Any CPU.Build.0 = Release|Any CPU
		{7DB373DD-75D5-4F4D-B50F-5D70D8165CAD}.Debug|Any CPU.ActiveCfg = Debug|Any CPU
		{7DB373DD-75D5-4F4D-B50F-5D70D8165CAD}.Debug|Any CPU.Build.0 = Debug|Any CPU
		{7DB373DD-75D5-4F4D-B50F-5D70D8165CAD}.Release|Any CPU.ActiveCfg = Release|Any CPU
		{7DB373DD-75D5-4F4D-B50F-5D70D8165CAD}.Release|Any CPU.Build.0 = Release|Any CPU
	EndGlobalSection
	GlobalSection(SolutionProperties) = preSolution
		HideSolutionNode = FALSE
	EndGlobalSection
	GlobalSection(ExtensibilityGlobals) = postSolution
		SolutionGuid = {597775B6-8AF0-4CC6-935E-34BE83AB4BC7}
	EndGlobalSection
EndGlobal
